
Microsoft Visual Studio Solution File, Format Version 12.00
# Visual Studio Version 16
VisualStudioVersion = 16.0.31410.357
MinimumVisualStudioVersion = 10.0.40219.1
Project("{9A19103F-16F7-4668-BE54-9A1E7A4F7556}") = "DataAccess", "DataAccess\DataAccess.csproj", "{57770F65-70CF-4C2D-A78B-CCA1BF53D602}"
EndProject
Project("{9A19103F-16F7-4668-BE54-9A1E7A4F7556}") = "BusinessLogic", "BusinessLogic\BusinessLogic.csproj", "{93633C48-9792-41E9-B083-06B312EFD180}"
EndProject
Project("{9A19103F-16F7-4668-BE54-9A1E7A4F7556}") = "PresentationWebApp", "PresentationWebApp\PresentationWebApp.csproj", "{582B01D7-D255-4FBF-BAC8-24D7CB893788}"
EndProject
Project("{9A19103F-16F7-4668-BE54-9A1E7A4F7556}") = "DataObjects", "CustomerObject\DataObjects.csproj", "{218343F2-79BE-4789-8803-EBA20C532B45}"
EndProject
Project("{FAE04EC0-301F-11D3-BF4B-00C04F79EFBC}") = "EmployeeObject", "EmployeeObject\EmployeeObject.csproj", "{00816EA0-D9E8-4FD9-A7E7-A54ED1F34FC4}"
EndProject
Project("{FAE04EC0-301F-11D3-BF4B-00C04F79EFBC}") = "PresentationForms", "PresentationForms\PresentationForms.csproj", "{A9CE2491-9C06-4DD6-8E02-078A80955E7E}"
EndProject
Global
	GlobalSection(SolutionConfigurationPlatforms) = preSolution
		Debug|Any CPU = Debug|Any CPU
		Release|Any CPU = Release|Any CPU
	EndGlobalSection
	GlobalSection(ProjectConfigurationPlatforms) = postSolution
		{57770F65-70CF-4C2D-A78B-CCA1BF53D602}.Debug|Any CPU.ActiveCfg = Debug|Any CPU
		{57770F65-70CF-4C2D-A78B-CCA1BF53D602}.Debug|Any CPU.Build.0 = Debug|Any CPU
		{57770F65-70CF-4C2D-A78B-CCA1BF53D602}.Release|Any CPU.ActiveCfg = Release|Any CPU
		{57770F65-70CF-4C2D-A78B-CCA1BF53D602}.Release|Any CPU.Build.0 = Release|Any CPU
		{93633C48-9792-41E9-B083-06B312EFD180}.Debug|Any CPU.ActiveCfg = Debug|Any CPU
		{93633C48-9792-41E9-B083-06B312EFD180}.Debug|Any CPU.Build.0 = Debug|Any CPU
		{93633C48-9792-41E9-B083-06B312EFD180}.Release|Any CPU.ActiveCfg = Release|Any CPU
		{93633C48-9792-41E9-B083-06B312EFD180}.Release|Any CPU.Build.0 = Release|Any CPU
		{582B01D7-D255-4FBF-BAC8-24D7CB893788}.Debug|Any CPU.ActiveCfg = Debug|Any CPU
		{582B01D7-D255-4FBF-BAC8-24D7CB893788}.Debug|Any CPU.Build.0 = Debug|Any CPU
		{582B01D7-D255-4FBF-BAC8-24D7CB893788}.Release|Any CPU.ActiveCfg = Release|Any CPU
		{582B01D7-D255-4FBF-BAC8-24D7CB893788}.Release|Any CPU.Build.0 = Release|Any CPU
		{218343F2-79BE-4789-8803-EBA20C532B45}.Debug|Any CPU.ActiveCfg = Debug|Any CPU
		{218343F2-79BE-4789-8803-EBA20C532B45}.Debug|Any CPU.Build.0 = Debug|Any CPU
		{218343F2-79BE-4789-8803-EBA20C532B45}.Release|Any CPU.ActiveCfg = Release|Any CPU
		{218343F2-79BE-4789-8803-EBA20C532B45}.Release|Any CPU.Build.0 = Release|Any CPU
		{00816EA0-D9E8-4FD9-A7E7-A54ED1F34FC4}.Debug|Any CPU.ActiveCfg = Debug|Any CPU
		{00816EA0-D9E8-4FD9-A7E7-A54ED1F34FC4}.Debug|Any CPU.Build.0 = Debug|Any CPU
		{00816EA0-D9E8-4FD9-A7E7-A54ED1F34FC4}.Release|Any CPU.ActiveCfg = Release|Any CPU
		{00816EA0-D9E8-4FD9-A7E7-A54ED1F34FC4}.Release|Any CPU.Build.0 = Release|Any CPU
		{A9CE2491-9C06-4DD6-8E02-078A80955E7E}.Debug|Any CPU.ActiveCfg = Debug|Any CPU
		{A9CE2491-9C06-4DD6-8E02-078A80955E7E}.Debug|Any CPU.Build.0 = Debug|Any CPU
		{A9CE2491-9C06-4DD6-8E02-078A80955E7E}.Release|Any CPU.ActiveCfg = Release|Any CPU
		{A9CE2491-9C06-4DD6-8E02-078A80955E7E}.Release|Any CPU.Build.0 = Release|Any CPU
	EndGlobalSection
	GlobalSection(SolutionProperties) = preSolution
		HideSolutionNode = FALSE
	EndGlobalSection
	GlobalSection(ExtensibilityGlobals) = postSolution
		SolutionGuid = {909780ED-E267-454A-AE55-09E013E5D0A9}
	EndGlobalSection
EndGlobal
